# This manifest was generated by flux-operator. DO NOT EDIT.
apiVersion: agent.fluxcd.controlplane.io/v1
kind: Catalog
spec:
  sources:
    - repository: ghcr.io/fluxcd/agent-skills
      tag: latest
      targetAgents:
        - claude-code
      verify:
        matchOIDCIdentity:
          - issuer: https://token.actions.githubusercontent.com
            subject: ^https://github\.com/fluxcd/.*$
        provider: cosign
status:
  inventory:
    - annotations:
        org.opencontainers.image.created: "2026-08-25T14:34:34+03:00"
        org.opencontainers.image.description: AI Agent Skills for Flux CD
        org.opencontainers.image.licenses: Apache-2.0
        org.opencontainers.image.revision: refs/tags/v0.3.0@sha1:e7e95ef1648a72f5276db6f98b799c5974ea846f
        org.opencontainers.image.source: https://github.com/fluxcd/agent-skills
        org.opencontainers.image.version: v0.3.0
      digest: sha256:efc315cd463fc7494477e54e955367007ff8701e1f3b2ee17bc0c97265543530
      id: 8e890a5d
      lastUpdateAt: "2026-09-15T19:03:54Z"
      skills:
        - checksum: h1:+bSaZmdh4ZjrrG09vQoZOFOI1vy/1CQI1OohIlx1UTM=
          name: gitops-cluster-debug
        - checksum: h1:9oiVZCKTx14DW+bYF4Ab34wLSsKMSd87/TLKGmu0JXU=
          name: gitops-knowledge
        - checksum: h1:lKQvXm17LSuj9ED0tm5ljJFYHjA1cWm8+MsvLkfQQ4Y=
          name: gitops-repo-audit
      url: ghcr.io/fluxcd/agent-skills:latest
